PODS:
  - Swifter (2.0.2)

DEPENDENCIES:
  - Swifter (from `https://github.com/xxminamixx/Swifter`)

EXTERNAL SOURCES:
  Swifter:
    :git: https://github.com/xxminamixx/Swifter

CHECKOUT OPTIONS:
  Swifter:
    :commit: 6d15237f58a1c4d65d8686978dfb9e0132e625b5
    :git: https://github.com/xxminamixx/Swifter

SPEC CHECKSUMS:
  Swifter: ec243114356f2e4c654a1957b770c6e925d2ea75

PODFILE CHECKSUM: 77d9a5f7e2ad94bdd867ef9fa6a8c81d189260b6

COCOAPODS: 1.1.1
