// !$*UTF8*$!
{
	archiveVersion = 1;
	classes = {
	};
	objectVersion = 46;
	objects = {

/* Begin PBXBuildFile section */
		9D04925F1EA6090300EFC093 /* ViewController.swift in Sources */ = {isa = PBXBuildFile; fileRef = 9D04925E1EA6090300EFC093 /* ViewController.swift */; };
		9D0492611EA6171C00EFC093 /* TweetParseManager.swift in Sources */ = {isa = PBXBuildFile; fileRef = 9D0492601EA6171C00EFC093 /* TweetParseManager.swift */; };
		9D248D461EB0676200E9A907 /* TweetEntity.swift in Sources */ = {isa = PBXBuildFile; fileRef = 9D248D451EB0676200E9A907 /* TweetEntity.swift */; };
		9D259AF11EA5D9E4004A7FCA /* AppDelegate.swift in Sources */ = {isa = PBXBuildFile; fileRef = 9D259AF01EA5D9E4004A7FCA /* AppDelegate.swift */; };
		9D259AF61EA5D9E4004A7FCA /* Main.storyboard in Resources */ = {isa = PBXBuildFile; fileRef = 9D259AF41EA5D9E4004A7FCA /* Main.storyboard */; };
		9D259AF81EA5D9E4004A7FCA /* Assets.xcassets in Resources */ = {isa = PBXBuildFile; fileRef = 9D259AF71EA5D9E4004A7FCA /* Assets.xcassets */; };
		9D259AFB1EA5D9E4004A7FCA /* LaunchScreen.storyboard in Resources */ = {isa = PBXBuildFile; fileRef = 9D259AF91EA5D9E4004A7FCA /* LaunchScreen.storyboard */; };
		9D259B061EA5D9E4004A7FCA /* IkatterTests.swift in Sources */ = {isa = PBXBuildFile; fileRef = 9D259B051EA5D9E4004A7FCA /* IkatterTests.swift */; };
		9D259B151EA601C8004A7FCA /* TweetTableViewCell.swift in Sources */ = {isa = PBXBuildFile; fileRef = 9D259B131EA601C8004A7FCA /* TweetTableViewCell.swift */; };
		9D259B161EA601C8004A7FCA /* TweetTableViewCell.xib in Resources */ = {isa = PBXBuildFile; fileRef = 9D259B141EA601C8004A7FCA /* TweetTableViewCell.xib */; };
		9D31D2B41EEE6DDB0068D7F5 /* TweetView.swift in Sources */ = {isa = PBXBuildFile; fileRef = 9D31D2B31EEE6DDB0068D7F5 /* TweetView.swift */; };
		9D31D2B61EEE71380068D7F5 /* TweetViewController.swift in Sources */ = {isa = PBXBuildFile; fileRef = 9D31D2B51EEE71380068D7F5 /* TweetViewController.swift */; };
		9D4C9F3F1EEE56A00020847C /* TweetView.xib in Resources */ = {isa = PBXBuildFile; fileRef = 9D4C9F3D1EEE56A00020847C /* TweetView.xib */; };
		9D5700B31EF28EE00071DFB1 /* ImageViewController.swift in Sources */ = {isa = PBXBuildFile; fileRef = 9D5700B11EF28EE00071DFB1 /* ImageViewController.swift */; };
		9D5EDBC41EEFDC400098FD74 /* UITextViewExtension.swift in Sources */ = {isa = PBXBuildFile; fileRef = 9D5EDBC31EEFDC400098FD74 /* UITextViewExtension.swift */; };
		9D5EDBC81EEFEA930098FD74 /* TabBarController.swift in Sources */ = {isa = PBXBuildFile; fileRef = 9D5EDBC71EEFEA930098FD74 /* TabBarController.swift */; };
		9D5EDBCA1EEFEAF40098FD74 /* DummyViewController.swift in Sources */ = {isa = PBXBuildFile; fileRef = 9D5EDBC91EEFEAF40098FD74 /* DummyViewController.swift */; };
		9D5EDBCC1EF22E0A0098FD74 /* AccountNavigationController.swift in Sources */ = {isa = PBXBuildFile; fileRef = 9D5EDBCB1EF22E0A0098FD74 /* AccountNavigationController.swift */; };
		9D5EDBCE1EF22E5F0098FD74 /* AccountTableViewController.swift in Sources */ = {isa = PBXBuildFile; fileRef = 9D5EDBCD1EF22E5F0098FD74 /* AccountTableViewController.swift */; };
		9D5EDBD11EF2324C0098FD74 /* AccountTableViewCell.swift in Sources */ = {isa = PBXBuildFile; fileRef = 9D5EDBCF1EF2324C0098FD74 /* AccountTableViewCell.swift */; };
		9D5EDBD21EF2324C0098FD74 /* AccountTableViewCell.xib in Resources */ = {isa = PBXBuildFile; fileRef = 9D5EDBD01EF2324C0098FD74 /* AccountTableViewCell.xib */; };
		9D5EDBD41EF23C790098FD74 /* heart@2x.png in Resources */ = {isa = PBXBuildFile; fileRef = 9D5EDBD31EF23C790098FD74 /* heart@2x.png */; };
		9D5EDBD61EF23C890098FD74 /* pencil@2x.png in Resources */ = {isa = PBXBuildFile; fileRef = 9D5EDBD51EF23C890098FD74 /* pencil@2x.png */; };
		9D5EDBD81EF247720098FD74 /* WaitContinuation.swift in Sources */ = {isa = PBXBuildFile; fileRef = 9D5EDBD71EF247720098FD74 /* WaitContinuation.swift */; };
		9D8E08B01EEE95AF003F85E3 /* AccountStoreManager.swift in Sources */ = {isa = PBXBuildFile; fileRef = 9D8E08AF1EEE95AF003F85E3 /* AccountStoreManager.swift */; };
		9D8E08B21EEE9995003F85E3 /* TwitterAPIManager.swift in Sources */ = {isa = PBXBuildFile; fileRef = 9D8E08B11EEE9995003F85E3 /* TwitterAPIManager.swift */; };
		9DA82A701EF391CA0079439F /* ListEntity.swift in Sources */ = {isa = PBXBuildFile; fileRef = 9DA82A6F1EF391CA0079439F /* ListEntity.swift */; };
		9DA82A721EF39B530079439F /* ListNavigationController.swift in Sources */ = {isa = PBXBuildFile; fileRef = 9DA82A711EF39B530079439F /* ListNavigationController.swift */; };
		9DA82A741EF39B7C0079439F /* ListTableViewController.swift in Sources */ = {isa = PBXBuildFile; fileRef = 9DA82A731EF39B7C0079439F /* ListTableViewController.swift */; };
		9DA82A771EF39C410079439F /* ListTableViewCell.swift in Sources */ = {isa = PBXBuildFile; fileRef = 9DA82A751EF39C410079439F /* ListTableViewCell.swift */; };
		9DA82A781EF39C410079439F /* ListTableViewCell.xib in Resources */ = {isa = PBXBuildFile; fileRef = 9DA82A761EF39C410079439F /* ListTableViewCell.xib */; };
		9DA82A7A1EF3BBE80079439F /* ListDummyViewController.swift in Sources */ = {isa = PBXBuildFile; fileRef = 9DA82A791EF3BBE80079439F /* ListDummyViewController.swift */; };
		9DCFA6FF1EE8E0FE000D4B0C /* LinkHelper.swift in Sources */ = {isa = PBXBuildFile; fileRef = 9DCFA6FE1EE8E0FE000D4B0C /* LinkHelper.swift */; };
		9DD5C9FA1EE696BD003FC70A /* RealmManager.swift in Sources */ = {isa = PBXBuildFile; fileRef = 9DD5C9F91EE696BD003FC70A /* RealmManager.swift */; };
		9DD5C9FE1EE7BA77003FC70A /* ConstColor.swift in Sources */ = {isa = PBXBuildFile; fileRef = 9DD5C9FD1EE7BA77003FC70A /* ConstColor.swift */; };
		A72A6F8B87FD5ED576733E3A /* Pods_IkatterTests.framework in Frameworks */ = {isa = PBXBuildFile; fileRef = 66978A191F134F31006E6D43 /* Pods_IkatterTests.framework */; };
		DEE9491393BCBE3C1F80C081 /* Pods_Ikatter.framework in Frameworks */ = {isa = PBXBuildFile; fileRef = 795A72334118B3F400DF74FD /* Pods_Ikatter.framework */; };
/* End PBXBuildFile section */

/* Begin PBXContainerItemProxy section */
		9D259B021EA5D9E4004A7FCA /* PBXContainerItemProxy */ = {
			isa = PBXContainerItemProxy;
			containerPortal = 9D259AE51EA5D9E4004A7FCA /* Project object */;
			proxyType = 1;
			remoteGlobalIDString = 9D259AEC1EA5D9E4004A7FCA;
			remoteInfo = Ikatter;
		};
/* End PBXContainerItemProxy section */

/* Begin PBXFileReference section */
		0D479F06D49E1915967B424D /* Pods-IkatterTests.release.xcconfig */ = {isa = PBXFileReference; includeInIndex = 1; lastKnownFileType = text.xcconfig; name = "Pods-IkatterTests.release.xcconfig"; path = "Pods/Target Support Files/Pods-IkatterTests/Pods-IkatterTests.release.xcconfig"; sourceTree = "<group>"; };
		20DEF4D954CF4C1C00576156 /* Pods-IkatterTests.debug.xcconfig */ = {isa = PBXFileReference; includeInIndex = 1; lastKnownFileType = text.xcconfig; name = "Pods-IkatterTests.debug.xcconfig"; path = "Pods/Target Support Files/Pods-IkatterTests/Pods-IkatterTests.debug.xcconfig"; sourceTree = "<group>"; };
		5E3E77F51F5754D42FC0C71E /* Pods-Ikatter.debug.xcconfig */ = {isa = PBXFileReference; includeInIndex = 1; lastKnownFileType = text.xcconfig; name = "Pods-Ikatter.debug.xcconfig"; path = "Pods/Target Support Files/Pods-Ikatter/Pods-Ikatter.debug.xcconfig"; sourceTree = "<group>"; };
		66978A191F134F31006E6D43 /* Pods_IkatterTests.framework */ = {isa = PBXFileReference; explicitFileType = wrapper.framework; includeInIndex = 0; path = Pods_IkatterTests.framework; sourceTree = BUILT_PRODUCTS_DIR; };
		795A72334118B3F400DF74FD /* Pods_Ikatter.framework */ = {isa = PBXFileReference; explicitFileType = wrapper.framework; includeInIndex = 0; path = Pods_Ikatter.framework; sourceTree = BUILT_PRODUCTS_DIR; };
		9D04925E1EA6090300EFC093 /* ViewController.swift */ = {isa = PBXFileReference; fileEncoding = 4; lastKnownFileType = sourcecode.swift; name = ViewController.swift; path = Controller/ViewController.swift; sourceTree = "<group>"; };
		9D0492601EA6171C00EFC093 /* TweetParseManager.swift */ = {isa = PBXFileReference; fileEncoding = 4; lastKnownFileType = sourcecode.swift; name = TweetParseManager.swift; path = Model/Manager/TweetParseManager.swift; sourceTree = "<group>"; };
		9D248D451EB0676200E9A907 /* TweetEntity.swift */ = {isa = PBXFileReference; fileEncoding = 4; lastKnownFileType = sourcecode.swift; name = TweetEntity.swift; path = Model/Entity/TweetEntity.swift; sourceTree = "<group>"; };
		9D259AED1EA5D9E4004A7FCA /* Ikatter.app */ = {isa = PBXFileReference; explicitFileType = wrapper.application; includeInIndex = 0; path = Ikatter.app; sourceTree = BUILT_PRODUCTS_DIR; };
		9D259AF01EA5D9E4004A7FCA /* AppDelegate.swift */ = {isa = PBXFileReference; lastKnownFileType = sourcecode.swift; path = AppDelegate.swift; sourceTree = "<group>"; };
		9D259AF51EA5D9E4004A7FCA /* Base */ = {isa = PBXFileReference; lastKnownFileType = file.storyboard; name = Base; path = Base.lproj/Main.storyboard; sourceTree = "<group>"; };
		9D259AF71EA5D9E4004A7FCA /* Assets.xcassets */ = {isa = PBXFileReference; lastKnownFileType = folder.assetcatalog; path = Assets.xcassets; sourceTree = "<group>"; };
		9D259AFA1EA5D9E4004A7FCA /* Base */ = {isa = PBXFileReference; lastKnownFileType = file.storyboard; name = Base; path = Base.lproj/LaunchScreen.storyboard; sourceTree = "<group>"; };
		9D259AFC1EA5D9E4004A7FCA /* Info.plist */ = {isa = PBXFileReference; lastKnownFileType = text.plist.xml; path = Info.plist; sourceTree = "<group>"; };
		9D259B011EA5D9E4004A7FCA /* IkatterTests.xctest */ = {isa = PBXFileReference; explicitFileType = wrapper.cfbundle; includeInIndex = 0; path = IkatterTests.xctest; sourceTree = BUILT_PRODUCTS_DIR; };
		9D259B051EA5D9E4004A7FCA /* IkatterTests.swift */ = {isa = PBXFileReference; lastKnownFileType = sourcecode.swift; path = IkatterTests.swift; sourceTree = "<group>"; };
		9D259B071EA5D9E4004A7FCA /* Info.plist */ = {isa = PBXFileReference; lastKnownFileType = text.plist.xml; path = Info.plist; sourceTree = "<group>"; };
		9D259B131EA601C8004A7FCA /* TweetTableViewCell.swift */ = {isa = PBXFileReference; fileEncoding = 4; lastKnownFileType = sourcecode.swift; name = TweetTableViewCell.swift; path = View/TweetTableViewCell.swift; sourceTree = "<group>"; };
		9D259B141EA601C8004A7FCA /* TweetTableViewCell.xib */ = {isa = PBXFileReference; fileEncoding = 4; lastKnownFileType = file.xib; name = TweetTableViewCell.xib; path = View/TweetTableViewCell.xib; sourceTree = "<group>"; };
		9D31D2B31EEE6DDB0068D7F5 /* TweetView.swift */ = {isa = PBXFileReference; fileEncoding = 4; lastKnownFileType = sourcecode.swift; name = TweetView.swift; path = View/TweetView.swift; sourceTree = "<group>"; };
		9D31D2B51EEE71380068D7F5 /* TweetViewController.swift */ = {isa = PBXFileReference; fileEncoding = 4; lastKnownFileType = sourcecode.swift; path = TweetViewController.swift; sourceTree = "<group>"; };
		9D4C9F3D1EEE56A00020847C /* TweetView.xib */ = {isa = PBXFileReference; fileEncoding = 4; lastKnownFileType = file.xib; name = TweetView.xib; path = Controller/TweetView.xib; sourceTree = "<group>"; };
		9D5700B11EF28EE00071DFB1 /* ImageViewController.swift */ = {isa = PBXFileReference; fileEncoding = 4; lastKnownFileType = sourcecode.swift; name = ImageViewController.swift; path = View/ImageViewController.swift; sourceTree = "<group>"; };
		9D5EDBC31EEFDC400098FD74 /* UITextViewExtension.swift */ = {isa = PBXFileReference; fileEncoding = 4; lastKnownFileType = sourcecode.swift; name = UITextViewExtension.swift; path = Utility/UITextViewExtension.swift; sourceTree = "<group>"; };
		9D5EDBC71EEFEA930098FD74 /* TabBarController.swift */ = {isa = PBXFileReference; fileEncoding = 4; lastKnownFileType = sourcecode.swift; name = TabBarController.swift; path = Controller/TabBarController.swift; sourceTree = "<group>"; };
		9D5EDBC91EEFEAF40098FD74 /* DummyViewController.swift */ = {isa = PBXFileReference; fileEncoding = 4; lastKnownFileType = sourcecode.swift; name = DummyViewController.swift; path = Controller/DummyViewController.swift; sourceTree = "<group>"; };
		9D5EDBCB1EF22E0A0098FD74 /* AccountNavigationController.swift */ = {isa = PBXFileReference; fileEncoding = 4; lastKnownFileType = sourcecode.swift; name = AccountNavigationController.swift; path = Controller/AccountNavigationController.swift; sourceTree = "<group>"; };
		9D5EDBCD1EF22E5F0098FD74 /* AccountTableViewController.swift */ = {isa = PBXFileReference; fileEncoding = 4; lastKnownFileType = sourcecode.swift; name = AccountTableViewController.swift; path = Controller/AccountTableViewController.swift; sourceTree = "<group>"; };
		9D5EDBCF1EF2324C0098FD74 /* AccountTableViewCell.swift */ = {isa = PBXFileReference; fileEncoding = 4; lastKnownFileType = sourcecode.swift; name = AccountTableViewCell.swift; path = View/AccountTableViewCell.swift; sourceTree = "<group>"; };
		9D5EDBD01EF2324C0098FD74 /* AccountTableViewCell.xib */ = {isa = PBXFileReference; fileEncoding = 4; lastKnownFileType = file.xib; name = AccountTableViewCell.xib; path = View/AccountTableViewCell.xib; sourceTree = "<group>"; };
		9D5EDBD31EF23C790098FD74 /* heart@2x.png */ = {isa = PBXFileReference; lastKnownFileType = image.png; name = "heart@2x.png"; path = "Resources/heart@2x.png"; sourceTree = "<group>"; };
		9D5EDBD51EF23C890098FD74 /* pencil@2x.png */ = {isa = PBXFileReference; lastKnownFileType = image.png; name = "pencil@2x.png"; path = "Resources/pencil@2x.png"; sourceTree = "<group>"; };
		9D5EDBD71EF247720098FD74 /* WaitContinuation.swift */ = {isa = PBXFileReference; fileEncoding = 4; lastKnownFileType = sourcecode.swift; name = WaitContinuation.swift; path = Utility/WaitContinuation.swift; sourceTree = "<group>"; };
		9D8E08AF1EEE95AF003F85E3 /* AccountStoreManager.swift */ = {isa = PBXFileReference; fileEncoding = 4; lastKnownFileType = sourcecode.swift; name = AccountStoreManager.swift; path = Model/AccountStoreManager.swift; sourceTree = "<group>"; };
		9D8E08B11EEE9995003F85E3 /* TwitterAPIManager.swift */ = {isa = PBXFileReference; fileEncoding = 4; lastKnownFileType = sourcecode.swift; name = TwitterAPIManager.swift; path = Model/Manager/TwitterAPIManager.swift; sourceTree = "<group>"; };
		9DA82A6F1EF391CA0079439F /* ListEntity.swift */ = {isa = PBXFileReference; fileEncoding = 4; lastKnownFileType = sourcecode.swift; name = ListEntity.swift; path = Model/Entity/ListEntity.swift; sourceTree = "<group>"; };
		9DA82A711EF39B530079439F /* ListNavigationController.swift */ = {isa = PBXFileReference; fileEncoding = 4; lastKnownFileType = sourcecode.swift; name = ListNavigationController.swift; path = Controller/ListNavigationController.swift; sourceTree = "<group>"; };
		9DA82A731EF39B7C0079439F /* ListTableViewController.swift */ = {isa = PBXFileReference; fileEncoding = 4; lastKnownFileType = sourcecode.swift; name = ListTableViewController.swift; path = Controller/ListTableViewController.swift; sourceTree = "<group>"; };
		9DA82A751EF39C410079439F /* ListTableViewCell.swift */ = {isa = PBXFileReference; fileEncoding = 4; lastKnownFileType = sourcecode.swift; name = ListTableViewCell.swift; path = View/ListTableViewCell.swift; sourceTree = "<group>"; };
		9DA82A761EF39C410079439F /* ListTableViewCell.xib */ = {isa = PBXFileReference; fileEncoding = 4; lastKnownFileType = file.xib; name = ListTableViewCell.xib; path = View/ListTableViewCell.xib; sourceTree = "<group>"; };
		9DA82A791EF3BBE80079439F /* ListDummyViewController.swift */ = {isa = PBXFileReference; fileEncoding = 4; lastKnownFileType = sourcecode.swift; name = ListDummyViewController.swift; path = Controller/ListDummyViewController.swift; sourceTree = "<group>"; };
		9DCFA6FE1EE8E0FE000D4B0C /* LinkHelper.swift */ = {isa = PBXFileReference; fileEncoding = 4; lastKnownFileType = sourcecode.swift; name = LinkHelper.swift; path = Utility/LinkHelper.swift; sourceTree = "<group>"; };
		9DD5C9F91EE696BD003FC70A /* RealmManager.swift */ = {isa = PBXFileReference; fileEncoding = 4; lastKnownFileType = sourcecode.swift; path = RealmManager.swift; sourceTree = "<group>"; };
		9DD5C9FD1EE7BA77003FC70A /* ConstColor.swift */ = {isa = PBXFileReference; fileEncoding = 4; lastKnownFileType = sourcecode.swift; name = ConstColor.swift; path = Utility/Const/ConstColor.swift; sourceTree = "<group>"; };
		DFF69B8508139D24B6D7B1C5 /* Pods-Ikatter.release.xcconfig */ = {isa = PBXFileReference; includeInIndex = 1; lastKnownFileType = text.xcconfig; name = "Pods-Ikatter.release.xcconfig"; path = "Pods/Target Support Files/Pods-Ikatter/Pods-Ikatter.release.xcconfig"; sourceTree = "<group>"; };
/* End PBXFileReference section */

/* Begin PBXFrameworksBuildPhase section */
		9D259AEA1EA5D9E4004A7FCA /* Frameworks */ = {
			isa = PBXFrameworksBuildPhase;
			buildActionMask = 2147483647;
			files = (
				DEE9491393BCBE3C1F80C081 /* Pods_Ikatter.framework in Frameworks */,
			);
			runOnlyForDeploymentPostprocessing = 0;
		};
		9D259AFE1EA5D9E4004A7FCA /* Frameworks */ = {
			isa = PBXFrameworksBuildPhase;
			buildActionMask = 2147483647;
			files = (
				A72A6F8B87FD5ED576733E3A /* Pods_IkatterTests.framework in Frameworks */,
			);
			runOnlyForDeploymentPostprocessing = 0;
		};
/* End PBXFrameworksBuildPhase section */

/* Begin PBXGroup section */
		6A9B72766882BE299B662ABE /* Frameworks */ = {
			isa = PBXGroup;
			children = (
				795A72334118B3F400DF74FD /* Pods_Ikatter.framework */,
				66978A191F134F31006E6D43 /* Pods_IkatterTests.framework */,
			);
			name = Frameworks;
			sourceTree = "<group>";
		};
		9D0492621EA6172000EFC093 /* Manager */ = {
			isa = PBXGroup;
			children = (
				9D0492601EA6171C00EFC093 /* TweetParseManager.swift */,
				9DD5C9F91EE696BD003FC70A /* RealmManager.swift */,
				9D8E08AF1EEE95AF003F85E3 /* AccountStoreManager.swift */,
				9D8E08B11EEE9995003F85E3 /* TwitterAPIManager.swift */,
			);
			name = Manager;
			sourceTree = "<group>";
		};
		9D052D231EE92B2400AF5B5E /* Resources */ = {
			isa = PBXGroup;
			children = (
				9D5EDBD31EF23C790098FD74 /* heart@2x.png */,
				9D5EDBD51EF23C890098FD74 /* pencil@2x.png */,
			);
			name = Resources;
			sourceTree = "<group>";
		};
		9D248D441EB0674100E9A907 /* Entity */ = {
			isa = PBXGroup;
			children = (
				9D248D451EB0676200E9A907 /* TweetEntity.swift */,
				9DA82A6F1EF391CA0079439F /* ListEntity.swift */,
			);
			name = Entity;
			sourceTree = "<group>";
		};
		9D259AE41EA5D9E4004A7FCA = {
			isa = PBXGroup;
			children = (
				9D259AEF1EA5D9E4004A7FCA /* Ikatter */,
				9D259B041EA5D9E4004A7FCA /* IkatterTests */,
				9D259AEE1EA5D9E4004A7FCA /* Products */,
				DC7A8342951BFB40E924D885 /* Pods */,
				6A9B72766882BE299B662ABE /* Frameworks */,
			);
			sourceTree = "<group>";
		};
		9D259AEE1EA5D9E4004A7FCA /* Products */ = {
			isa = PBXGroup;
			children = (
				9D259AED1EA5D9E4004A7FCA /* Ikatter.app */,
				9D259B011EA5D9E4004A7FCA /* IkatterTests.xctest */,
			);
			name = Products;
			sourceTree = "<group>";
		};
		9D259AEF1EA5D9E4004A7FCA /* Ikatter */ = {
			isa = PBXGroup;
			children = (
				9D259AF01EA5D9E4004A7FCA /* AppDelegate.swift */,
				9DD5C9FB1EE7BA33003FC70A /* Utility */,
				9D259B111EA6017C004A7FCA /* Model */,
				9D259B121EA60182004A7FCA /* View */,
				9D259B101EA60172004A7FCA /* Controller */,
				9D052D231EE92B2400AF5B5E /* Resources */,
				9D259AF71EA5D9E4004A7FCA /* Assets.xcassets */,
				9D259AFC1EA5D9E4004A7FCA /* Info.plist */,
			);
			path = Ikatter;
			sourceTree = "<group>";
		};
		9D259B041EA5D9E4004A7FCA /* IkatterTests */ = {
			isa = PBXGroup;
			children = (
				9D259B051EA5D9E4004A7FCA /* IkatterTests.swift */,
				9D259B071EA5D9E4004A7FCA /* Info.plist */,
			);
			path = IkatterTests;
			sourceTree = "<group>";
		};
		9D259B101EA60172004A7FCA /* Controller */ = {
			isa = PBXGroup;
			children = (
				9D04925E1EA6090300EFC093 /* ViewController.swift */,
				9D5EDBC71EEFEA930098FD74 /* TabBarController.swift */,
				9D5EDBC91EEFEAF40098FD74 /* DummyViewController.swift */,
				9D5EDBCB1EF22E0A0098FD74 /* AccountNavigationController.swift */,
				9D5EDBCD1EF22E5F0098FD74 /* AccountTableViewController.swift */,
				9DA82A791EF3BBE80079439F /* ListDummyViewController.swift */,
				9DA82A711EF39B530079439F /* ListNavigationController.swift */,
				9DA82A731EF39B7C0079439F /* ListTableViewController.swift */,
			);
			name = Controller;
			sourceTree = "<group>";
		};
		9D259B111EA6017C004A7FCA /* Model */ = {
			isa = PBXGroup;
			children = (
				9D248D441EB0674100E9A907 /* Entity */,
				9D0492621EA6172000EFC093 /* Manager */,
			);
			name = Model;
			sourceTree = "<group>";
		};
		9D259B121EA60182004A7FCA /* View */ = {
			isa = PBXGroup;
			children = (
				9D259AF91EA5D9E4004A7FCA /* LaunchScreen.storyboard */,
				9D259AF41EA5D9E4004A7FCA /* Main.storyboard */,
				9D259B131EA601C8004A7FCA /* TweetTableViewCell.swift */,
				9D259B141EA601C8004A7FCA /* TweetTableViewCell.xib */,
				9D31D2B51EEE71380068D7F5 /* TweetViewController.swift */,
				9D4C9F3D1EEE56A00020847C /* TweetView.xib */,
				9D31D2B31EEE6DDB0068D7F5 /* TweetView.swift */,
				9D5EDBCF1EF2324C0098FD74 /* AccountTableViewCell.swift */,
				9D5EDBD01EF2324C0098FD74 /* AccountTableViewCell.xib */,
				9D5700B11EF28EE00071DFB1 /* ImageViewController.swift */,
				9DA82A751EF39C410079439F /* ListTableViewCell.swift */,
				9DA82A761EF39C410079439F /* ListTableViewCell.xib */,
			);
			name = View;
			sourceTree = "<group>";
		};
		9DD5C9FB1EE7BA33003FC70A /* Utility */ = {
			isa = PBXGroup;
			children = (
				9DD5C9FF1EE7C418003FC70A /* Extension */,
				9DD5C9FC1EE7BA3E003FC70A /* Const */,
				9DCFA6FE1EE8E0FE000D4B0C /* LinkHelper.swift */,
				9D5EDBD71EF247720098FD74 /* WaitContinuation.swift */,
			);
			name = Utility;
			sourceTree = "<group>";
		};
		9DD5C9FC1EE7BA3E003FC70A /* Const */ = {
			isa = PBXGroup;
			children = (
				9DD5C9FD1EE7BA77003FC70A /* ConstColor.swift */,
			);
			name = Const;
			sourceTree = "<group>";
		};
		9DD5C9FF1EE7C418003FC70A /* Extension */ = {
			isa = PBXGroup;
			children = (
				9D5EDBC31EEFDC400098FD74 /* UITextViewExtension.swift */,
			);
			name = Extension;
			sourceTree = "<group>";
		};
		DC7A8342951BFB40E924D885 /* Pods */ = {
			isa = PBXGroup;
			children = (
				5E3E77F51F5754D42FC0C71E /* Pods-Ikatter.debug.xcconfig */,
				DFF69B8508139D24B6D7B1C5 /* Pods-Ikatter.release.xcconfig */,
				20DEF4D954CF4C1C00576156 /* Pods-IkatterTests.debug.xcconfig */,
				0D479F06D49E1915967B424D /* Pods-IkatterTests.release.xcconfig */,
			);
			name = Pods;
			sourceTree = "<group>";
		};
/* End PBXGroup section */

/* Begin PBXNativeTarget section */
		9D259AEC1EA5D9E4004A7FCA /* Ikatter */ = {
			isa = PBXNativeTarget;
			buildConfigurationList = 9D259B0A1EA5D9E4004A7FCA /* Build configuration list for PBXNativeTarget "Ikatter" */;
			buildPhases = (
				B646D516202939FE4F081EDA /* [CP] Check Pods Manifest.lock */,
				9D259AE91EA5D9E4004A7FCA /* Sources */,
				9D259AEA1EA5D9E4004A7FCA /* Frameworks */,
				9D259AEB1EA5D9E4004A7FCA /* Resources */,
				FF6B3C3A807A562DBF54CDC7 /* [CP] Embed Pods Frameworks */,
				C7020344709D81B236A8DF0B /* [CP] Copy Pods Resources */,
			);
			buildRules = (
			);
			dependencies = (
			);
			name = Ikatter;
			productName = Ikatter;
			productReference = 9D259AED1EA5D9E4004A7FCA /* Ikatter.app */;
			productType = "com.apple.product-type.application";
		};
		9D259B001EA5D9E4004A7FCA /* IkatterTests */ = {
			isa = PBXNativeTarget;
			buildConfigurationList = 9D259B0D1EA5D9E4004A7FCA /* Build configuration list for PBXNativeTarget "IkatterTests" */;
			buildPhases = (
				B28B2176EFC082A478AF74A2 /* [CP] Check Pods Manifest.lock */,
				9D259AFD1EA5D9E4004A7FCA /* Sources */,
				9D259AFE1EA5D9E4004A7FCA /* Frameworks */,
				9D259AFF1EA5D9E4004A7FCA /* Resources */,
				6EF463ED89FDBED1B120AFF0 /* [CP] Embed Pods Frameworks */,
				C2CD28D911CB2128F984F442 /* [CP] Copy Pods Resources */,
			);
			buildRules = (
			);
			dependencies = (
				9D259B031EA5D9E4004A7FCA /* PBXTargetDependency */,
			);
			name = IkatterTests;
			productName = IkatterTests;
			productReference = 9D259B011EA5D9E4004A7FCA /* IkatterTests.xctest */;
			productType = "com.apple.product-type.bundle.unit-test";
		};
/* End PBXNativeTarget section */

/* Begin PBXProject section */
		9D259AE51EA5D9E4004A7FCA /* Project object */ = {
			isa = PBXProject;
			attributes = {
				LastSwiftUpdateCheck = 0820;
				LastUpgradeCheck = 0820;
				ORGANIZATIONNAME = "南　京兵";
				TargetAttributes = {
					9D259AEC1EA5D9E4004A7FCA = {
						CreatedOnToolsVersion = 8.2.1;
						ProvisioningStyle = Automatic;
					};
					9D259B001EA5D9E4004A7FCA = {
						CreatedOnToolsVersion = 8.2.1;
						ProvisioningStyle = Automatic;
						TestTargetID = 9D259AEC1EA5D9E4004A7FCA;
					};
				};
			};
			buildConfigurationList = 9D259AE81EA5D9E4004A7FCA /* Build configuration list for PBXProject "Ikatter" */;
			compatibilityVersion = "Xcode 3.2";
			developmentRegion = English;
			hasScannedForEncodings = 0;
			knownRegions = (
				en,
				Base,
			);
			mainGroup = 9D259AE41EA5D9E4004A7FCA;
			productRefGroup = 9D259AEE1EA5D9E4004A7FCA /* Products */;
			projectDirPath = "";
			projectRoot = "";
			targets = (
				9D259AEC1EA5D9E4004A7FCA /* Ikatter */,
				9D259B001EA5D9E4004A7FCA /* IkatterTests */,
			);
		};
/* End PBXProject section */

/* Begin PBXResourcesBuildPhase section */
		9D259AEB1EA5D9E4004A7FCA /* Resources */ = {
			isa = PBXResourcesBuildPhase;
			buildActionMask = 2147483647;
			files = (
				9D259AFB1EA5D9E4004A7FCA /* LaunchScreen.storyboard in Resources */,
				9D259AF81EA5D9E4004A7FCA /* Assets.xcassets in Resources */,
				9D4C9F3F1EEE56A00020847C /* TweetView.xib in Resources */,
				9D259AF61EA5D9E4004A7FCA /* Main.storyboard in Resources */,
				9DA82A781EF39C410079439F /* ListTableViewCell.xib in Resources */,
				9D5EDBD41EF23C790098FD74 /* heart@2x.png in Resources */,
				9D5EDBD61EF23C890098FD74 /* pencil@2x.png in Resources */,
				9D5EDBD21EF2324C0098FD74 /* AccountTableViewCell.xib in Resources */,
				9D259B161EA601C8004A7FCA /* TweetTableViewCell.xib in Resources */,
			);
			runOnlyForDeploymentPostprocessing = 0;
		};
		9D259AFF1EA5D9E4004A7FCA /* Resources */ = {
			isa = PBXResourcesBuildPhase;
			buildActionMask = 2147483647;
			files = (
			);
			runOnlyForDeploymentPostprocessing = 0;
		};
/* End PBXResourcesBuildPhase section */

/* Begin PBXShellScriptBuildPhase section */
		6EF463ED89FDBED1B120AFF0 /* [CP] Embed Pods Frameworks */ = {
			isa = PBXShellScriptBuildPhase;
			buildActionMask = 2147483647;
			files = (
			);
			inputPaths = (
			);
			name = "[CP] Embed Pods Frameworks";
			outputPaths = (
			);
			runOnlyForDeploymentPostprocessing = 0;
			shellPath = /bin/sh;
			shellScript = "\"${SRCROOT}/Pods/Target Support Files/Pods-IkatterTests/Pods-IkatterTests-frameworks.sh\"\n";
			showEnvVarsInLog = 0;
		};
		B28B2176EFC082A478AF74A2 /* [CP] Check Pods Manifest.lock */ = {
			isa = PBXShellScriptBuildPhase;
			buildActionMask = 2147483647;
			files = (
			);
			inputPaths = (
			);
			name = "[CP] Check Pods Manifest.lock";
			outputPaths = (
			);
			runOnlyForDeploymentPostprocessing = 0;
			shellPath = /bin/sh;
			shellScript = "diff \"${PODS_ROOT}/../Podfile.lock\" \"${PODS_ROOT}/Manifest.lock\" > /dev/null\nif [ $? != 0 ] ; then\n    # print error to STDERR\n    echo \"error: The sandbox is not in sync with the Podfile.lock. Run 'pod install' or update your CocoaPods installation.\" >&2\n    exit 1\nfi\n";
			showEnvVarsInLog = 0;
		};
		B646D516202939FE4F081EDA /* [CP] Check Pods Manifest.lock */ = {
			isa = PBXShellScriptBuildPhase;
			buildActionMask = 2147483647;
			files = (
			);
			inputPaths = (
			);
			name = "[CP] Check Pods Manifest.lock";
			outputPaths = (
			);
			runOnlyForDeploymentPostprocessing = 0;
			shellPath = /bin/sh;
			shellScript = "diff \"${PODS_ROOT}/../Podfile.lock\" \"${PODS_ROOT}/Manifest.lock\" > /dev/null\nif [ $? != 0 ] ; then\n    # print error to STDERR\n    echo \"error: The sandbox is not in sync with the Podfile.lock. Run 'pod install' or update your CocoaPods installation.\" >&2\n    exit 1\nfi\n";
			showEnvVarsInLog = 0;
		};
		C2CD28D911CB2128F984F442 /* [CP] Copy Pods Resources */ = {
			isa = PBXShellScriptBuildPhase;
			buildActionMask = 2147483647;
			files = (
			);
			inputPaths = (
			);
			name = "[CP] Copy Pods Resources";
			outputPaths = (
			);
			runOnlyForDeploymentPostprocessing = 0;
			shellPath = /bin/sh;
			shellScript = "\"${SRCROOT}/Pods/Target Support Files/Pods-IkatterTests/Pods-IkatterTests-resources.sh\"\n";
			showEnvVarsInLog = 0;
		};
		C7020344709D81B236A8DF0B /* [CP] Copy Pods Resources */ = {
			isa = PBXShellScriptBuildPhase;
			buildActionMask = 2147483647;
			files = (
			);
			inputPaths = (
			);
			name = "[CP] Copy Pods Resources";
			outputPaths = (
			);
			runOnlyForDeploymentPostprocessing = 0;
			shellPath = /bin/sh;
			shellScript = "\"${SRCROOT}/Pods/Target Support Files/Pods-Ikatter/Pods-Ikatter-resources.sh\"\n";
			showEnvVarsInLog = 0;
		};
		FF6B3C3A807A562DBF54CDC7 /* [CP] Embed Pods Frameworks */ = {
			isa = PBXShellScriptBuildPhase;
			buildActionMask = 2147483647;
			files = (
			);
			inputPaths = (
			);
			name = "[CP] Embed Pods Frameworks";
			outputPaths = (
			);
			runOnlyForDeploymentPostprocessing = 0;
			shellPath = /bin/sh;
			shellScript = "\"${SRCROOT}/Pods/Target Support Files/Pods-Ikatter/Pods-Ikatter-frameworks.sh\"\n";
			showEnvVarsInLog = 0;
		};
/* End PBXShellScriptBuildPhase section */

/* Begin PBXSourcesBuildPhase section */
		9D259AE91EA5D9E4004A7FCA /* Sources */ = {
			isa = PBXSourcesBuildPhase;
			buildActionMask = 2147483647;
			files = (
				9DA82A7A1EF3BBE80079439F /* ListDummyViewController.swift in Sources */,
				9D5EDBD81EF247720098FD74 /* WaitContinuation.swift in Sources */,
				9D8E08B21EEE9995003F85E3 /* TwitterAPIManager.swift in Sources */,
				9D5700B31EF28EE00071DFB1 /* ImageViewController.swift in Sources */,
				9D04925F1EA6090300EFC093 /* ViewController.swift in Sources */,
				9DA82A741EF39B7C0079439F /* ListTableViewController.swift in Sources */,
				9DCFA6FF1EE8E0FE000D4B0C /* LinkHelper.swift in Sources */,
				9D8E08B01EEE95AF003F85E3 /* AccountStoreManager.swift in Sources */,
				9D31D2B61EEE71380068D7F5 /* TweetViewController.swift in Sources */,
				9D0492611EA6171C00EFC093 /* TweetParseManager.swift in Sources */,
				9D259AF11EA5D9E4004A7FCA /* AppDelegate.swift in Sources */,
				9DA82A721EF39B530079439F /* ListNavigationController.swift in Sources */,
				9D5EDBCC1EF22E0A0098FD74 /* AccountNavigationController.swift in Sources */,
				9DD5C9FE1EE7BA77003FC70A /* ConstColor.swift in Sources */,
				9D5EDBCE1EF22E5F0098FD74 /* AccountTableViewController.swift in Sources */,
				9D259B151EA601C8004A7FCA /* TweetTableViewCell.swift in Sources */,
				9D248D461EB0676200E9A907 /* TweetEntity.swift in Sources */,
				9D5EDBC41EEFDC400098FD74 /* UITextViewExtension.swift in Sources */,
				9DA82A771EF39C410079439F /* ListTableViewCell.swift in Sources */,
				9DA82A701EF391CA0079439F /* ListEntity.swift in Sources */,
				9D5EDBC81EEFEA930098FD74 /* TabBarController.swift in Sources */,
				9D31D2B41EEE6DDB0068D7F5 /* TweetView.swift in Sources */,
				9D5EDBD11EF2324C0098FD74 /* AccountTableViewCell.swift in Sources */,
				9D5EDBCA1EEFEAF40098FD74 /* DummyViewController.swift in Sources */,
				9DD5C9FA1EE696BD003FC70A /* RealmManager.swift in Sources */,
			);
			runOnlyForDeploymentPostprocessing = 0;
		};
		9D259AFD1EA5D9E4004A7FCA /* Sources */ = {
			isa = PBXSourcesBuildPhase;
			buildActionMask = 2147483647;
			files = (
				9D259B061EA5D9E4004A7FCA /* IkatterTests.swift in Sources */,
			);
			runOnlyForDeploymentPostprocessing = 0;
		};
/* End PBXSourcesBuildPhase section */

/* Begin PBXTargetDependency section */
		9D259B031EA5D9E4004A7FCA /* PBXTargetDependency */ = {
			isa = PBXTargetDependency;
			target = 9D259AEC1EA5D9E4004A7FCA /* Ikatter */;
			targetProxy = 9D259B021EA5D9E4004A7FCA /* PBXContainerItemProxy */;
		};
/* End PBXTargetDependency section */

/* Begin PBXVariantGroup section */
		9D259AF41EA5D9E4004A7FCA /* Main.storyboard */ = {
			isa = PBXVariantGroup;
			children = (
				9D259AF51EA5D9E4004A7FCA /* Base */,
			);
			name = Main.storyboard;
			sourceTree = "<group>";
		};
		9D259AF91EA5D9E4004A7FCA /* LaunchScreen.storyboard */ = {
			isa = PBXVariantGroup;
			children = (
				9D259AFA1EA5D9E4004A7FCA /* Base */,
			);
			name = LaunchScreen.storyboard;
			sourceTree = "<group>";
		};
/* End PBXVariantGroup section */

/* Begin XCBuildConfiguration section */
		9D259B081EA5D9E4004A7FCA /* Debug */ = {
			isa = XCBuildConfiguration;
			buildSettings = {
				ALWAYS_SEARCH_USER_PATHS = NO;
				CLANG_ANALYZER_NONNULL = YES;
				CLANG_CXX_LANGUAGE_STANDARD = "gnu++0x";
				CLANG_CXX_LIBRARY = "libc++";
				CLANG_ENABLE_MODULES = YES;
				CLANG_ENABLE_OBJC_ARC = YES;
				CLANG_WARN_BOOL_CONVERSION = YES;
				CLANG_WARN_CONSTANT_CONVERSION = YES;
				CLANG_WARN_DIRECT_OBJC_ISA_USAGE = YES_ERROR;
				CLANG_WARN_DOCUMENTATION_COMMENTS = YES;
				CLANG_WARN_EMPTY_BODY = YES;
				CLANG_WARN_ENUM_CONVERSION = YES;
				CLANG_WARN_INFINITE_RECURSION = YES;
				CLANG_WARN_INT_CONVERSION = YES;
				CLANG_WARN_OBJC_ROOT_CLASS = YES_ERROR;
				CLANG_WARN_SUSPICIOUS_MOVE = YES;
				CLANG_WARN_UNREACHABLE_CODE = YES;
				CLANG_WARN__DUPLICATE_METHOD_MATCH = YES;
				"CODE_SIGN_IDENTITY[sdk=iphoneos*]" = "iPhone Developer";
				COPY_PHASE_STRIP = NO;
				DEBUG_INFORMATION_FORMAT = dwarf;
				ENABLE_STRICT_OBJC_MSGSEND = YES;
				ENABLE_TESTABILITY = YES;
				GCC_C_LANGUAGE_STANDARD = gnu99;
				GCC_DYNAMIC_NO_PIC = NO;
				GCC_NO_COMMON_BLOCKS = YES;
				GCC_OPTIMIZATION_LEVEL = 0;
				GCC_PREPROCESSOR_DEFINITIONS = (
					"DEBUG=1",
					"$(inherited)",
				);
				GCC_WARN_64_TO_32_BIT_CONVERSION = YES;
				GCC_WARN_ABOUT_RETURN_TYPE = YES_ERROR;
				GCC_WARN_UNDECLARED_SELECTOR = YES;
				GCC_WARN_UNINITIALIZED_AUTOS = YES_AGGRESSIVE;
				GCC_WARN_UNUSED_FUNCTION = YES;
				GCC_WARN_UNUSED_VARIABLE = YES;
				IPHONEOS_DEPLOYMENT_TARGET = 10.2;
				MTL_ENABLE_DEBUG_INFO = YES;
				ONLY_ACTIVE_ARCH = YES;
				SDKROOT = iphoneos;
				SWIFT_ACTIVE_COMPILATION_CONDITIONS = DEBUG;
				SWIFT_OPTIMIZATION_LEVEL = "-Onone";
				TARGETED_DEVICE_FAMILY = "1,2";
			};
			name = Debug;
		};
		9D259B091EA5D9E4004A7FCA /* Release */ = {
			isa = XCBuildConfiguration;
			buildSettings = {
				ALWAYS_SEARCH_USER_PATHS = NO;
				CLANG_ANALYZER_NONNULL = YES;
				CLANG_CXX_LANGUAGE_STANDARD = "gnu++0x";
				CLANG_CXX_LIBRARY = "libc++";
				CLANG_ENABLE_MODULES = YES;
				CLANG_ENABLE_OBJC_ARC = YES;
				CLANG_WARN_BOOL_CONVERSION = YES;
				CLANG_WARN_CONSTANT_CONVERSION = YES;
				CLANG_WARN_DIRECT_OBJC_ISA_USAGE = YES_ERROR;
				CLANG_WARN_DOCUMENTATION_COMMENTS = YES;
				CLANG_WARN_EMPTY_BODY = YES;
				CLANG_WARN_ENUM_CONVERSION = YES;
				CLANG_WARN_INFINITE_RECURSION = YES;
				CLANG_WARN_INT_CONVERSION = YES;
				CLANG_WARN_OBJC_ROOT_CLASS = YES_ERROR;
				CLANG_WARN_SUSPICIOUS_MOVE = YES;
				CLANG_WARN_UNREACHABLE_CODE = YES;
				CLANG_WARN__DUPLICATE_METHOD_MATCH = YES;
				"CODE_SIGN_IDENTITY[sdk=iphoneos*]" = "iPhone Developer";
				COPY_PHASE_STRIP = NO;
				DEBUG_INFORMATION_FORMAT = "dwarf-with-dsym";
				ENABLE_NS_ASSERTIONS = NO;
				ENABLE_STRICT_OBJC_MSGSEND = YES;
				GCC_C_LANGUAGE_STANDARD = gnu99;
				GCC_NO_COMMON_BLOCKS = YES;
				GCC_WARN_64_TO_32_BIT_CONVERSION = YES;
				GCC_WARN_ABOUT_RETURN_TYPE = YES_ERROR;
				GCC_WARN_UNDECLARED_SELECTOR = YES;
				GCC_WARN_UNINITIALIZED_AUTOS = YES_AGGRESSIVE;
				GCC_WARN_UNUSED_FUNCTION = YES;
				GCC_WARN_UNUSED_VARIABLE = YES;
				IPHONEOS_DEPLOYMENT_TARGET = 10.2;
				MTL_ENABLE_DEBUG_INFO = NO;
				SDKROOT = iphoneos;
				SWIFT_OPTIMIZATION_LEVEL = "-Owholemodule";
				TARGETED_DEVICE_FAMILY = "1,2";
				VALIDATE_PRODUCT = YES;
			};
			name = Release;
		};
		9D259B0B1EA5D9E4004A7FCA /* Debug */ = {
			isa = XCBuildConfiguration;
			baseConfigurationReference = 5E3E77F51F5754D42FC0C71E /* Pods-Ikatter.debug.xcconfig */;
			buildSettings = {
				ASSETCATALOG_COMPILER_APPICON_NAME = AppIcon;
				INFOPLIST_FILE = Ikatter/Info.plist;
				LD_RUNPATH_SEARCH_PATHS = "$(inherited) @executable_path/Frameworks";
				PRODUCT_BUNDLE_IDENTIFIER = com.spl.ikatter.Ikatter;
				PRODUCT_NAME = "$(TARGET_NAME)";
				SWIFT_VERSION = 3.0;
			};
			name = Debug;
		};
		9D259B0C1EA5D9E4004A7FCA /* Release */ = {
			isa = XCBuildConfiguration;
			baseConfigurationReference = DFF69B8508139D24B6D7B1C5 /* Pods-Ikatter.release.xcconfig */;
			buildSettings = {
				ASSETCATALOG_COMPILER_APPICON_NAME = AppIcon;
				INFOPLIST_FILE = Ikatter/Info.plist;
				LD_RUNPATH_SEARCH_PATHS = "$(inherited) @executable_path/Frameworks";
				PRODUCT_BUNDLE_IDENTIFIER = com.spl.ikatter.Ikatter;
				PRODUCT_NAME = "$(TARGET_NAME)";
				SWIFT_VERSION = 3.0;
			};
			name = Release;
		};
		9D259B0E1EA5D9E4004A7FCA /* Debug */ = {
			isa = XCBuildConfiguration;
			baseConfigurationReference = 20DEF4D954CF4C1C00576156 /* Pods-IkatterTests.debug.xcconfig */;
			buildSettings = {
				ALWAYS_EMBED_SWIFT_STANDARD_LIBRARIES = YES;
				BUNDLE_LOADER = "$(TEST_HOST)";
				INFOPLIST_FILE = IkatterTests/Info.plist;
				LD_RUNPATH_SEARCH_PATHS = "$(inherited) @executable_path/Frameworks @loader_path/Frameworks";
				PRODUCT_BUNDLE_IDENTIFIER = com.spl.ikatter.IkatterTests;
				PRODUCT_NAME = "$(TARGET_NAME)";
				SWIFT_VERSION = 3.0;
				TEST_HOST = "$(BUILT_PRODUCTS_DIR)/Ikatter.app/Ikatter";
			};
			name = Debug;
		};
		9D259B0F1EA5D9E4004A7FCA /* Release */ = {
			isa = XCBuildConfiguration;
			baseConfigurationReference = 0D479F06D49E1915967B424D /* Pods-IkatterTests.release.xcconfig */;
			buildSettings = {
				ALWAYS_EMBED_SWIFT_STANDARD_LIBRARIES = YES;
				BUNDLE_LOADER = "$(TEST_HOST)";
				INFOPLIST_FILE = IkatterTests/Info.plist;
				LD_RUNPATH_SEARCH_PATHS = "$(inherited) @executable_path/Frameworks @loader_path/Frameworks";
				PRODUCT_BUNDLE_IDENTIFIER = com.spl.ikatter.IkatterTests;
				PRODUCT_NAME = "$(TARGET_NAME)";
				SWIFT_VERSION = 3.0;
				TEST_HOST = "$(BUILT_PRODUCTS_DIR)/Ikatter.app/Ikatter";
			};
			name = Release;
		};
/* End XCBuildConfiguration section */

/* Begin XCConfigurationList section */
		9D259AE81EA5D9E4004A7FCA /* Build configuration list for PBXProject "Ikatter" */ = {
			isa = XCConfigurationList;
			buildConfigurations = (
				9D259B081EA5D9E4004A7FCA /* Debug */,
				9D259B091EA5D9E4004A7FCA /* Release */,
			);
			defaultConfigurationIsVisible = 0;
			defaultConfigurationName = Release;
		};
		9D259B0A1EA5D9E4004A7FCA /* Build configuration list for PBXNativeTarget "Ikatter" */ = {
			isa = XCConfigurationList;
			buildConfigurations = (
				9D259B0B1EA5D9E4004A7FCA /* Debug */,
				9D259B0C1EA5D9E4004A7FCA /* Release */,
			);
			defaultConfigurationIsVisible = 0;
			defaultConfigurationName = Release;
		};
		9D259B0D1EA5D9E4004A7FCA /* Build configuration list for PBXNativeTarget "IkatterTests" */ = {
			isa = XCConfigurationList;
			buildConfigurations = (
				9D259B0E1EA5D9E4004A7FCA /* Debug */,
				9D259B0F1EA5D9E4004A7FCA /* Release */,
			);
			defaultConfigurationIsVisible = 0;
			defaultConfigurationName = Release;
		};
/* End XCConfigurationList section */
	};
	rootObject = 9D259AE51EA5D9E4004A7FCA /* Project object */;
}
